
Microsoft Visual Studio Solution File, Format Version 12.00
# Visual Studio 2013
VisualStudioVersion = 12.0.21005.1
MinimumVisualStudioVersion = 10.0.40219.1
Project("{FAE04EC0-301F-11D3-BF4B-00C04F79EFBC}") = "NaturalLanguageList.Console", "NaturalLanguageList.Console.csproj", "{6E0501B7-39A3-40D4-96CC-CA54D1B1A1F1}"
EndProject
Project("{FAE04EC0-301F-11D3-BF4B-00C04F79EFBC}") = "NaturalLanguageList.Test", "..\NaturalLanguageList.Test\NaturalLanguageList.Test.csproj", "{62A4BE2A-91F7-474E-A109-5AB878A28FF8}"
EndProject
Global
	GlobalSection(SolutionConfigurationPlatforms) = preSolution
		Debug|Any CPU = Debug|Any CPU
		Release|Any CPU = Release|Any CPU
	EndGlobalSection
	GlobalSection(ProjectConfigurationPlatforms) = postSolution
		{6E0501B7-39A3-40D4-96CC-CA54D1B1A1F1}.Debug|Any CPU.ActiveCfg = Debug|Any CPU
		{6E0501B7-39A3-40D4-96CC-CA54D1B1A1F1}.Debug|Any CPU.Build.0 = Debug|Any CPU
		{6E0501B7-39A3-40D4-96CC-CA54D1B1A1F1}.Release|Any CPU.ActiveCfg = Release|Any CPU
		{6E0501B7-39A3-40D4-96CC-CA54D1B1A1F1}.Release|Any CPU.Build.0 = Release|Any CPU
		{62A4BE2A-91F7-474E-A109-5AB878A28FF8}.Debug|Any CPU.ActiveCfg = Debug|Any CPU
		{62A4BE2A-91F7-474E-A109-5AB878A28FF8}.Debug|Any CPU.Build.0 = Debug|Any CPU
		{62A4BE2A-91F7-474E-A109-5AB878A28FF8}.Release|Any CPU.ActiveCfg = Release|Any CPU
		{62A4BE2A-91F7-474E-A109-5AB878A28FF8}.Release|Any CPU.Build.0 = Release|Any CPU
	EndGlobalSection
	GlobalSection(SolutionProperties) = preSolution
		HideSolutionNode = FALSE
	EndGlobalSection
EndGlobal
